{
    "hash": "9ce592256268f1ef68963717bb93fd1a",
    "packages": [
        {
            "package": "doctrine/common",
            "version": "2.3.x-dev",
            "source-reference": "605b1b8b5a7bc8daf9111fb35483e5708e30de35",
            "commit-date": "1346249247"
        },
        {
            "package": "doctrine/dbal",
            "version": "2.3.x-dev",
            "source-reference": "adb28e4e1f959d515971b8e8b7f05a01913a7b91",
            "commit-date": "1346249329"
        },
        {
            "package": "doctrine/doctrine-bundle",
            "version": "dev-master",
            "source-reference": "8e1149b0ac01e8f9441a523bec81011803485602",
            "commit-date": "1346369162"
        },
        {
            "package": "doctrine/migrations",
            "version": "dev-master",
            "source-reference": "b86b4cc0a39714f0aa53b908d495beacfa0e4011",
            "commit-date": "1343202693"
        },
        {
            "package": "doctrine/orm",
            "version": "2.3.x-dev",
            "source-reference": "bbf527a27356414bfa9bf520f018c5cb7af67c77",
            "commit-date": "1346250986"
        },
        {
            "package": "friendsofsymfony/user-bundle",
            "version": "dev-master",
            "source-reference": "28d83c32e3dfcb0b3b6b4f16233cbe374b4d55a6",
            "commit-date": "1346283861"
        },
        {
            "package": "glit/resque",
            "version": "dev-master",
            "source-reference": "d677b0558d27e0c0405c3a54ce73b39db50b136f",
            "commit-date": "1341416027"
        },
        {
            "package": "glit/resque-bundle",
            "version": "dev-master",
            "source-reference": "b839c8099e9d9bbac57295da408314c9aef4b682",
            "commit-date": "1344245875"
        },
        {
            "package": "jms/aop-bundle",
            "version": "1.0.0"
        },
        {
            "package": "jms/cg",
            "version": "1.0.0"
        },
        {
            "package": "jms/di-extra-bundle",
            "version": "dev-master",
            "alias-pretty-version": "1.1.x-dev",
            "alias-version": "1.1.9999999.9999999-dev"
        },
        {
            "package": "jms/di-extra-bundle",
            "version": "dev-master",
            "source-reference": "1.1.0-RC",
            "commit-date": "1345140102"
        },
        {
            "package": "jms/metadata",
            "version": "1.1.1"
        },
        {
            "package": "jms/security-extra-bundle",
            "version": "1.2.x-dev",
            "source-reference": "81070f525ec24f9e6cf6509532b260bc54c42ea5",
            "commit-date": "1346345841"
        },
        {
            "package": "jms/serializer-bundle",
            "version": "dev-master",
            "source-reference": "5a9b7e6b62143950726f642da23d7eebf850e389",
            "commit-date": "1346073949"
        },
        {
            "package": "kriswallsmith/assetic",
            "version": "dev-master",
            "alias-pretty-version": "1.1.x-dev",
            "alias-version": "1.1.9999999.9999999-dev"
        },
        {
            "package": "kriswallsmith/assetic",
            "version": "dev-master",
            "source-reference": "0410297526eacc3aa2146b55bc4e30e6fd3a50ed",
            "commit-date": "1346167888"
        },
        {
            "package": "monolog/monolog",
            "version": "dev-master",
            "alias-pretty-version": "1.3.x-dev",
            "alias-version": "1.3.9999999.9999999-dev"
        },
        {
            "package": "monolog/monolog",
            "version": "dev-master",
            "source-reference": "1.2.1",
            "commit-date": "1346241200"
        },
        {
            "package": "querypath/QueryPath",
            "version": "dev-master",
            "source-reference": "4f7e4ab5f540f128214c66e87bbf072ad7e146ef",
            "commit-date": "1340643808"
        },
        {
            "package": "sensio/distribution-bundle",
            "version": "dev-master",
            "source-reference": "a86d2c0d7212851cc4e971abdff13b89eb063861",
            "commit-date": "1346246961"
        },
        {
            "package": "sensio/framework-extra-bundle",
            "version": "dev-master",
            "source-reference": "1281f6218226ddb88df8546f28a3166e2a0cb55d",
            "commit-date": "1346234539"
        },
        {
            "package": "sensio/generator-bundle",
            "version": "dev-master",
            "source-reference": "v2.1.0-RC2",
            "commit-date": "1346138171"
        },
        {
            "package": "swiftmailer/swiftmailer",
            "version": "dev-master",
            "alias-pretty-version": "4.2.x-dev",
            "alias-version": "4.2.9999999.9999999-dev"
        },
        {
            "package": "swiftmailer/swiftmailer",
            "version": "dev-master",
            "source-reference": "e12e4ef3a9d6dd60fb734a01984a6e6627aea764",
            "commit-date": "1345630910"
        },
        {
            "package": "symfony/assetic-bundle",
            "version": "dev-master",
            "source-reference": "4e7e8a039fa19434f04558473adbb201118af942",
            "commit-date": "1346199949"
        },
        {
            "package": "symfony/monolog-bundle",
            "version": "dev-master",
            "source-reference": "v2.1.0-RC2",
            "commit-date": "1345557954"
        },
        {
            "package": "symfony/swiftmailer-bundle",
            "version": "dev-master",
            "source-reference": "d2eae9385c029cbac031a90e6d2abc74b889a562",
            "commit-date": "1346243146"
        },
        {
            "package": "symfony/symfony",
            "version": "dev-master",
            "alias-pretty-version": "2.1.x-dev",
            "alias-version": "2.1.9999999.9999999-dev"
        },
        {
            "package": "symfony/symfony",
            "version": "dev-master",
            "source-reference": "c0673d77d02e9955f9e80b82478d0b7259a3fc31",
            "commit-date": "1346413296"
        },
        {
            "package": "twig/extensions",
            "version": "dev-master",
            "source-reference": "v1.0.0-alpha",
            "commit-date": "1346166263"
        },
        {
            "package": "twig/twig",
            "version": "dev-master",
            "alias-pretty-version": "1.9.x-dev",
            "alias-version": "1.9.9999999.9999999-dev"
        },
        {
            "package": "twig/twig",
            "version": "dev-master",
            "source-reference": "459720ff3b74ee0c0d159277c6f2f5df89d8a4f6",
            "commit-date": "1346397138"
        },
        {
            "package": "webignition/absolute-url-deriver",
            "version": "dev-master",
            "source-reference": "d84d6f74fe55429d4e19f7ede4d81fd3090738cc",
            "commit-date": "1343344065"
        },
        {
            "package": "webignition/container-aware-migration",
            "version": "dev-master",
            "source-reference": "658ae0ede07cc7f280e288b8b92cb0eeb3ded82b",
            "commit-date": "1342268854"
        },
        {
            "package": "webignition/disallowed-character-terminated-string",
            "version": "dev-master",
            "source-reference": "b147af621f872a7c24156d5353454ff71fe650d3",
            "commit-date": "1342614766"
        },
        {
            "package": "webignition/doctrine-migrations-bundle",
            "version": "dev-master",
            "source-reference": "3eaffb25b31c1f232b99904ac3bceba2991762d4",
            "commit-date": "1342272594"
        },
        {
            "package": "webignition/http-client",
            "version": "dev-master",
            "source-reference": "17d70c76703029ea0b318c727e930b3c772a32a5",
            "commit-date": "1344029348"
        },
        {
            "package": "webignition/internet-media-type",
            "version": "0.4"
        },
        {
            "package": "webignition/json-pretty-print",
            "version": "dev-master",
            "source-reference": "72831627c3264374766f100145ca11fee3581729",
            "commit-date": "1343085751"
        },
        {
            "package": "webignition/quoted-string",
            "version": "0.2"
        },
        {
            "package": "webignition/robots-txt-file",
            "version": "dev-master",
            "source-reference": "7be8456bd61b98c6811683b86e84d41ef30c0f2a",
            "commit-date": "1342614568"
        },
        {
            "package": "webignition/robots-txt-parser",
            "version": "dev-master",
            "source-reference": "7c80d513033e0db934879043011e8ddf22d2c463",
            "commit-date": "1342700692"
        },
        {
            "package": "webignition/simplytestable-base-migrations-bundle",
            "version": "1.1"
        },
        {
            "package": "webignition/string-parser",
            "version": "0.1"
        },
        {
            "package": "webignition/url",
            "version": "dev-master",
            "source-reference": "c5adb2d25bc3ced3fede8a9835dc1d2b80c793b6",
            "commit-date": "1345673270"
        },
        {
            "package": "webignition/website-sitemap-finder",
            "version": "dev-master",
            "source-reference": "be57063eea0cc29cb67a8da8ba92473184d6e062",
            "commit-date": "1343344640"
        },
        {
            "package": "webignition/website-sitemap-url-retriever",
            "version": "dev-master",
            "source-reference": "077b4a3491062705d41e97cf483454ae71e172b5",
            "commit-date": "1343344508"
        }
    ],
    "packages-dev": null,
    "aliases": [

    ],
    "minimum-stability": "dev",
    "stability-flags": {
        "doctrine/doctrine-bundle": 20,
        "twig/extensions": 20,
        "symfony/assetic-bundle": 20,
        "symfony/swiftmailer-bundle": 20,
        "symfony/monolog-bundle": 20,
        "sensio/distribution-bundle": 20,
        "sensio/framework-extra-bundle": 20,
        "sensio/generator-bundle": 20,
        "jms/serializer-bundle": 20,
        "webignition/json-pretty-print": 20,
        "webignition/website-sitemap-finder": 20,
        "webignition/website-sitemap-url-retriever": 20
    }
}
