{
    "hash": "c4363354b8f59e748a2bf740b73609e3",
    "packages": [
        {
            "package": "doctrine/common",
            "version": "2.3.x-dev",
            "source-reference": "605b1b8b5a7bc8daf9111fb35483e5708e30de35",
            "commit-date": "1346249247"
        },
        {
            "package": "doctrine/dbal",
            "version": "2.3.x-dev",
            "source-reference": "239630b61f03f39d198441eced1bfffb7b0e61d1",
            "commit-date": "1346866589"
        },
        {
            "package": "doctrine/doctrine-bundle",
            "version": "dev-master",
            "source-reference": "3600872919186e1a40e8fd556e65f6dca6337cc9",
            "commit-date": "1346617185"
        },
        {
            "package": "doctrine/migrations",
            "version": "dev-master",
            "source-reference": "b86b4cc0a39714f0aa53b908d495beacfa0e4011",
            "commit-date": "1343202693"
        },
        {
            "package": "doctrine/orm",
            "version": "2.3.x-dev",
            "source-reference": "4d9f24b2eef3af3a3e76c773994c19bbb0706f88",
            "commit-date": "1346869007"
        },
        {
            "package": "friendsofsymfony/user-bundle",
            "version": "dev-master",
            "source-reference": "24edb2f2e83b227a4ba24180c69758005e805991",
            "commit-date": "1346829941"
        },
        {
            "package": "glit/resque",
            "version": "dev-master",
            "source-reference": "d677b0558d27e0c0405c3a54ce73b39db50b136f",
            "commit-date": "1341416027"
        },
        {
            "package": "glit/resque-bundle",
            "version": "dev-master",
            "source-reference": "e80844924d9f4f914e44a14c9d6fb601a93a9ab4",
            "commit-date": "1346661882"
        },
        {
            "package": "jms/aop-bundle",
            "version": "1.0.0"
        },
        {
            "package": "jms/cg",
            "version": "1.0.0"
        },
        {
            "package": "jms/di-extra-bundle",
            "version": "1.1.x-dev",
            "source-reference": "1.1.0-RC",
            "commit-date": "1345140102"
        },
        {
            "package": "jms/metadata",
            "version": "1.1.1"
        },
        {
            "package": "jms/security-extra-bundle",
            "version": "1.2.x-dev",
            "source-reference": "81070f525ec24f9e6cf6509532b260bc54c42ea5",
            "commit-date": "1346345841"
        },
        {
            "package": "jms/serializer-bundle",
            "version": "dev-master",
            "source-reference": "5a9b7e6b62143950726f642da23d7eebf850e389",
            "commit-date": "1346073949"
        },
        {
            "package": "kriswallsmith/assetic",
            "version": "dev-master",
            "alias-pretty-version": "1.1.x-dev",
            "alias-version": "1.1.9999999.9999999-dev"
        },
        {
            "package": "kriswallsmith/assetic",
            "version": "dev-master",
            "source-reference": "86b637e9f64ddcbd17d9eda944384812b5836254",
            "commit-date": "1346695911"
        },
        {
            "package": "monolog/monolog",
            "version": "dev-master",
            "alias-pretty-version": "1.3.x-dev",
            "alias-version": "1.3.9999999.9999999-dev"
        },
        {
            "package": "monolog/monolog",
            "version": "dev-master",
            "source-reference": "a929570bb7688b39fefe4106f0ecf0ac35f37647",
            "commit-date": "1346873566"
        },
        {
            "package": "querypath/QueryPath",
            "version": "dev-master",
            "source-reference": "4f7e4ab5f540f128214c66e87bbf072ad7e146ef",
            "commit-date": "1340643808"
        },
        {
            "package": "sensio/distribution-bundle",
            "version": "dev-master",
            "source-reference": "v2.1.0",
            "commit-date": "1346859132"
        },
        {
            "package": "sensio/framework-extra-bundle",
            "version": "dev-master",
            "source-reference": "v2.1.0",
            "commit-date": "1346234539"
        },
        {
            "package": "sensio/generator-bundle",
            "version": "dev-master",
            "source-reference": "v2.1.0-RC2",
            "commit-date": "1346138171"
        },
        {
            "package": "swiftmailer/swiftmailer",
            "version": "dev-master",
            "alias-pretty-version": "4.2.x-dev",
            "alias-version": "4.2.9999999.9999999-dev"
        },
        {
            "package": "swiftmailer/swiftmailer",
            "version": "dev-master",
            "source-reference": "e12e4ef3a9d6dd60fb734a01984a6e6627aea764",
            "commit-date": "1345630910"
        },
        {
            "package": "symfony/assetic-bundle",
            "version": "dev-master",
            "source-reference": "4e7e8a039fa19434f04558473adbb201118af942",
            "commit-date": "1346199949"
        },
        {
            "package": "symfony/monolog-bundle",
            "version": "dev-master",
            "source-reference": "v2.1.0-RC2",
            "commit-date": "1345557954"
        },
        {
            "package": "symfony/swiftmailer-bundle",
            "version": "dev-master",
            "source-reference": "d2eae9385c029cbac031a90e6d2abc74b889a562",
            "commit-date": "1346243146"
        },
        {
            "package": "symfony/symfony",
            "version": "dev-master",
            "alias-pretty-version": "2.1.x-dev",
            "alias-version": "2.1.9999999.9999999-dev"
        },
        {
            "package": "symfony/symfony",
            "version": "dev-master",
            "source-reference": "cba2a31e3631ab9043389f8f7df873da0e6c8f47",
            "commit-date": "1346926365"
        },
        {
            "package": "twig/extensions",
            "version": "dev-master",
            "source-reference": "f904575642b1213db69b4a98f08397e722ba1cae",
            "commit-date": "1346770278"
        },
        {
            "package": "twig/twig",
            "version": "dev-master",
            "alias-pretty-version": "1.9.x-dev",
            "alias-version": "1.9.9999999.9999999-dev"
        },
        {
            "package": "twig/twig",
            "version": "dev-master",
            "source-reference": "459720ff3b74ee0c0d159277c6f2f5df89d8a4f6",
            "commit-date": "1346397138"
        },
        {
            "package": "webignition/absolute-url-deriver",
            "version": "dev-master",
            "source-reference": "d84d6f74fe55429d4e19f7ede4d81fd3090738cc",
            "commit-date": "1343344065"
        },
        {
            "package": "webignition/container-aware-migration",
            "version": "dev-master",
            "source-reference": "658ae0ede07cc7f280e288b8b92cb0eeb3ded82b",
            "commit-date": "1342268854"
        },
        {
            "package": "webignition/disallowed-character-terminated-string",
            "version": "dev-master",
            "source-reference": "b147af621f872a7c24156d5353454ff71fe650d3",
            "commit-date": "1342614766"
        },
        {
            "package": "webignition/doctrine-migrations-bundle",
            "version": "dev-master",
            "source-reference": "3eaffb25b31c1f232b99904ac3bceba2991762d4",
            "commit-date": "1342272594"
        },
        {
            "package": "webignition/http-client",
            "version": "dev-master",
            "source-reference": "17d70c76703029ea0b318c727e930b3c772a32a5",
            "commit-date": "1344029348"
        },
        {
            "package": "webignition/internet-media-type",
            "version": "0.4"
        },
        {
            "package": "webignition/quoted-string",
            "version": "0.2"
        },
        {
            "package": "webignition/robots-txt-file",
            "version": "dev-master",
            "source-reference": "7be8456bd61b98c6811683b86e84d41ef30c0f2a",
            "commit-date": "1342614568"
        },
        {
            "package": "webignition/robots-txt-parser",
            "version": "dev-master",
            "source-reference": "7c80d513033e0db934879043011e8ddf22d2c463",
            "commit-date": "1342700692"
        },
        {
            "package": "webignition/simplytestable-base-migrations-bundle",
            "version": "1.1"
        },
        {
            "package": "webignition/string-parser",
            "version": "0.1"
        },
        {
            "package": "webignition/url",
            "version": "dev-master",
            "source-reference": "c5adb2d25bc3ced3fede8a9835dc1d2b80c793b6",
            "commit-date": "1345673270"
        },
        {
            "package": "webignition/website-sitemap-finder",
            "version": "dev-master",
            "source-reference": "a491778d814318530e1e0e6e14e839df703dd0dd",
            "commit-date": "1346932189"
        },
        {
            "package": "webignition/website-sitemap-url-retriever",
            "version": "dev-master",
            "source-reference": "369ad50811c54ddff82b782c21003fcac15242cd",
            "commit-date": "1346925509"
        }
    ],
    "packages-dev": null,
    "aliases": [

    ],
    "minimum-stability": "dev",
    "stability-flags": {
        "doctrine/doctrine-bundle": 20,
        "twig/extensions": 20,
        "symfony/assetic-bundle": 20,
        "symfony/swiftmailer-bundle": 20,
        "symfony/monolog-bundle": 20,
        "sensio/distribution-bundle": 20,
        "sensio/framework-extra-bundle": 20,
        "sensio/generator-bundle": 20,
        "jms/serializer-bundle": 20,
        "webignition/website-sitemap-finder": 20,
        "webignition/website-sitemap-url-retriever": 20
    }
}
